
Microsoft Visual Studio Solution File, Format Version 12.00
# Visual Studio Version 17
VisualStudioVersion = 17.11.35312.102
MinimumVisualStudioVersion = 10.0.40219.1
Project("{FAE04EC0-301F-11D3-BF4B-00C04F79EFBC}") = "Lab4_4-2prog", "Lab4_4-2prog.csproj", "{5079F8CD-87F6-4C25-BF42-4166CF66FA6A}"
EndProject
Global
	GlobalSection(SolutionConfigurationPlatforms) = preSolution
		Debug|Any CPU = Debug|Any CPU
		Release|Any CPU = Release|Any CPU
	EndGlobalSection
	GlobalSection(ProjectConfigurationPlatforms) = postSolution
		{5079F8CD-87F6-4C25-BF42-4166CF66FA6A}.Debug|Any CPU.ActiveCfg = Debug|Any CPU
		{5079F8CD-87F6-4C25-BF42-4166CF66FA6A}.Debug|Any CPU.Build.0 = Debug|Any CPU
		{5079F8CD-87F6-4C25-BF42-4166CF66FA6A}.Release|Any CPU.ActiveCfg = Release|Any CPU
		{5079F8CD-87F6-4C25-BF42-4166CF66FA6A}.Release|Any CPU.Build.0 = Release|Any CPU
	EndGlobalSection
	GlobalSection(SolutionProperties) = preSolution
		HideSolutionNode = FALSE
	EndGlobalSection
	GlobalSection(ExtensibilityGlobals) = postSolution
		SolutionGuid = {00F5FD57-AC67-4A03-883D-0B400183DFF8}
	EndGlobalSection
EndGlobal
